
Microsoft Visual Studio Solution File, Format Version 12.00
Project("{FAE04EC0-301F-11D3-BF4B-00C04F79EFBC}") = "SubsidyCalculation", "SubsidyCalculation\SubsidyCalculation.csproj", "{6DA641B6-3472-4641-94A3-0822F72A4FF9}"
EndProject
Global
	GlobalSection(SolutionConfigurationPlatforms) = preSolution
		Debug|Any CPU = Debug|Any CPU
		Release|Any CPU = Release|Any CPU
	EndGlobalSection
	GlobalSection(ProjectConfigurationPlatforms) = postSolution
		{6DA641B6-3472-4641-94A3-0822F72A4FF9}.Debug|Any CPU.ActiveCfg = Debug|Any CPU
		{6DA641B6-3472-4641-94A3-0822F72A4FF9}.Debug|Any CPU.Build.0 = Debug|Any CPU
		{6DA641B6-3472-4641-94A3-0822F72A4FF9}.Release|Any CPU.ActiveCfg = Release|Any CPU
		{6DA641B6-3472-4641-94A3-0822F72A4FF9}.Release|Any CPU.Build.0 = Release|Any CPU
	EndGlobalSection
EndGlobal
